{
  "nodes": {
    "biomepkg": {
      "locked": {
        "lastModified": 1746012182,
        "narHash": "sha256-SrFwe4dmOa4Xk7s9xNzDL1O6P6HEO7XbrBPs7O3ksD4=",
        "owner": "isabelroses",
        "repo": "nixpkgs",
        "rev": "fb80ed6efd437ac2ef2f98681d8a06c08fc5966e",
        "type": "github"
      },
      "original": {
        "owner": "isabelroses",
        "ref": "biome-2",
        "repo": "nixpkgs",
        "type": "github"
      }
    },
    "nixpkgs": {
      "locked": {
        "lastModified": 1745930157,
        "narHash": "sha256-y3h3NLnzRSiUkYpnfvnS669zWZLoqqI6NprtLQ+5dck=",
        "owner": "nixos",
        "repo": "nixpkgs",
        "rev": "46e634be05ce9dc6d4db8e664515ba10b78151ae",
        "type": "github"
      },
      "original": {
        "owner": "nixos",
        "ref": "nixos-unstable",
        "repo": "nixpkgs",
        "type": "github"
      }
    },
    "root": {
      "inputs": {
        "biomepkg": "biomepkg",
        "nixpkgs": "nixpkgs"
      }
    }
  },
  "root": "root",
  "version": 7
}
