{
  "nodes": {
    "biomepkg": {
      "locked": {
        "lastModified": 1746012182,
        "narHash": "sha256-SrFwe4dmOa4Xk7s9xNzDL1O6P6HEO7XbrBPs7O3ksD4=",
        "owner": "isabelroses",
        "repo": "nixpkgs",
        "rev": "fb80ed6efd437ac2ef2f98681d8a06c08fc5966e",
        "type": "github"
      },
      "original": {
        "owner": "isabelroses",
        "ref": "biome-2",
        "repo": "nixpkgs",
        "type": "github"
      }
    },
    "nixpkgs": {
      "locked": {
        "lastModified": 1748370509,
        "narHash": "sha256-QlL8slIgc16W5UaI3w7xHQEP+Qmv/6vSNTpoZrrSlbk=",
        "owner": "nixos",
        "repo": "nixpkgs",
        "rev": "4faa5f5321320e49a78ae7848582f684d64783e9",
        "type": "github"
      },
      "original": {
        "owner": "nixos",
        "ref": "nixos-unstable",
        "repo": "nixpkgs",
        "type": "github"
      }
    },
    "root": {
      "inputs": {
        "biomepkg": "biomepkg",
        "nixpkgs": "nixpkgs"
      }
    }
  },
  "root": "root",
  "version": 7
}
